// !$*UTF8*$!
{
	archiveVersion = 1;
	classes = {
	};
	objectVersion = 52;
	objects = {

/* Begin PBXBuildFile section */
		C2F01E85245C308B0047C6B6 /* PasscodeView.swift in Sources */ = {isa = PBXBuildFile; fileRef = C2F01E84245C308B0047C6B6 /* PasscodeView.swift */; };
		C2F01E87245C30980047C6B6 /* NumberView.swift in Sources */ = {isa = PBXBuildFile; fileRef = C2F01E86245C30980047C6B6 /* NumberView.swift */; };
		C2F01E90245C44F50047C6B6 /* NotoSansCJKjp-Medium.otf in Resources */ = {isa = PBXBuildFile; fileRef = C2F01E89245C44F10047C6B6 /* NotoSansCJKjp-Medium.otf */; };
		C2F01E91245C44F50047C6B6 /* NotoSansCJKjp-Thin.otf in Resources */ = {isa = PBXBuildFile; fileRef = C2F01E8A245C44F20047C6B6 /* NotoSansCJKjp-Thin.otf */; };
		C2F01E92245C44F50047C6B6 /* NotoSansCJKjp-Regular.otf in Resources */ = {isa = PBXBuildFile; fileRef = C2F01E8B245C44F30047C6B6 /* NotoSansCJKjp-Regular.otf */; };
		C2F01E93245C44F50047C6B6 /* NotoSansCJKjp-DemiLight.otf in Resources */ = {isa = PBXBuildFile; fileRef = C2F01E8C245C44F30047C6B6 /* NotoSansCJKjp-DemiLight.otf */; };
		C2F01E94245C44F50047C6B6 /* NotoSansCJKjp-Black.otf in Resources */ = {isa = PBXBuildFile; fileRef = C2F01E8D245C44F40047C6B6 /* NotoSansCJKjp-Black.otf */; };
		C2F01E95245C44F50047C6B6 /* NotoSansCJKjp-Bold.otf in Resources */ = {isa = PBXBuildFile; fileRef = C2F01E8E245C44F50047C6B6 /* NotoSansCJKjp-Bold.otf */; };
		C2F01E96245C44F50047C6B6 /* NotoSansCJKjp-Light.otf in Resources */ = {isa = PBXBuildFile; fileRef = C2F01E8F245C44F50047C6B6 /* NotoSansCJKjp-Light.otf */; };
		EDAA644824432C3B0001F82A /* StartView.swift in Sources */ = {isa = PBXBuildFile; fileRef = EDAA644724432C3B0001F82A /* StartView.swift */; };
		EDAA644A244856180001F82A /* PingButton.swift in Sources */ = {isa = PBXBuildFile; fileRef = EDAA6449244856180001F82A /* PingButton.swift */; };
		EDAA644C2448584B0001F82A /* CollectionView.swift in Sources */ = {isa = PBXBuildFile; fileRef = EDAA644B2448584B0001F82A /* CollectionView.swift */; };
		EDAA644E244C3BE00001F82A /* LoginView.swift in Sources */ = {isa = PBXBuildFile; fileRef = EDAA644D244C3BE00001F82A /* LoginView.swift */; };
		EDAA6451244C4EE70001F82A /* UserNotifications.framework in Frameworks */ = {isa = PBXBuildFile; fileRef = EDAA6450244C4EE70001F82A /* UserNotifications.framework */; };
		EDAA6453244C4EEB0001F82A /* PushKit.framework in Frameworks */ = {isa = PBXBuildFile; fileRef = EDAA6452244C4EEB0001F82A /* PushKit.framework */; };
		EDAA6457244DD8980001F82A /* Apollo in Frameworks */ = {isa = PBXBuildFile; productRef = EDAA6456244DD8980001F82A /* Apollo */; };
		EDAA6459244DD8980001F82A /* ApolloCodegenLib in Frameworks */ = {isa = PBXBuildFile; productRef = EDAA6458244DD8980001F82A /* ApolloCodegenLib */; };
		EDAA645B244DD9630001F82A /* Queries.graphql in Resources */ = {isa = PBXBuildFile; fileRef = EDAA645A244DD9630001F82A /* Queries.graphql */; };
		EDAA645E244DDA390001F82A /* SessionService.swift in Sources */ = {isa = PBXBuildFile; fileRef = EDAA645D244DDA390001F82A /* SessionService.swift */; };
		EDAA6460244DDB520001F82A /* Network.swift in Sources */ = {isa = PBXBuildFile; fileRef = EDAA645F244DDB520001F82A /* Network.swift */; };
		EDE377EF243ED9B70002D7DC /* AppDelegate.swift in Sources */ = {isa = PBXBuildFile; fileRef = EDE377EE243ED9B70002D7DC /* AppDelegate.swift */; };
		EDE377F1243ED9B70002D7DC /* SceneDelegate.swift in Sources */ = {isa = PBXBuildFile; fileRef = EDE377F0243ED9B70002D7DC /* SceneDelegate.swift */; };
		EDE377F3243ED9B70002D7DC /* ContentView.swift in Sources */ = {isa = PBXBuildFile; fileRef = EDE377F2243ED9B70002D7DC /* ContentView.swift */; };
		EDE377F5243ED9BB0002D7DC /* Assets.xcassets in Resources */ = {isa = PBXBuildFile; fileRef = EDE377F4243ED9BB0002D7DC /* Assets.xcassets */; };
		EDE377F8243ED9BB0002D7DC /* Preview Assets.xcassets in Resources */ = {isa = PBXBuildFile; fileRef = EDE377F7243ED9BB0002D7DC /* Preview Assets.xcassets */; };
		EDE377FB243ED9BB0002D7DC /* LaunchScreen.storyboard in Resources */ = {isa = PBXBuildFile; fileRef = EDE377F9243ED9BB0002D7DC /* LaunchScreen.storyboard */; };
		EDE37806243ED9BC0002D7DC /* iPingTests.swift in Sources */ = {isa = PBXBuildFile; fileRef = EDE37805243ED9BC0002D7DC /* iPingTests.swift */; };
		EDE37811243ED9BC0002D7DC /* iPingUITests.swift in Sources */ = {isa = PBXBuildFile; fileRef = EDE37810243ED9BC0002D7DC /* iPingUITests.swift */; };
/* End PBXBuildFile section */

/* Begin PBXContainerItemProxy section */
		EDE37802243ED9BC0002D7DC /* PBXContainerItemProxy */ = {
			isa = PBXContainerItemProxy;
			containerPortal = EDE377E3243ED9B60002D7DC /* Project object */;
			proxyType = 1;
			remoteGlobalIDString = EDE377EA243ED9B70002D7DC;
			remoteInfo = iPing;
		};
		EDE3780D243ED9BC0002D7DC /* PBXContainerItemProxy */ = {
			isa = PBXContainerItemProxy;
			containerPortal = EDE377E3243ED9B60002D7DC /* Project object */;
			proxyType = 1;
			remoteGlobalIDString = EDE377EA243ED9B70002D7DC;
			remoteInfo = iPing;
		};
/* End PBXContainerItemProxy section */

/* Begin PBXFileReference section */
		C2F01E84245C308B0047C6B6 /* PasscodeView.swift */ = {isa = PBXFileReference; lastKnownFileType = sourcecode.swift; path = PasscodeView.swift; sourceTree = "<group>"; };
		C2F01E86245C30980047C6B6 /* NumberView.swift */ = {isa = PBXFileReference; lastKnownFileType = sourcecode.swift; path = NumberView.swift; sourceTree = "<group>"; };
		C2F01E89245C44F10047C6B6 /* NotoSansCJKjp-Medium.otf */ = {isa = PBXFileReference; lastKnownFileType = file; path = "NotoSansCJKjp-Medium.otf"; sourceTree = "<group>"; };
		C2F01E8A245C44F20047C6B6 /* NotoSansCJKjp-Thin.otf */ = {isa = PBXFileReference; lastKnownFileType = file; path = "NotoSansCJKjp-Thin.otf"; sourceTree = "<group>"; };
		C2F01E8B245C44F30047C6B6 /* NotoSansCJKjp-Regular.otf */ = {isa = PBXFileReference; lastKnownFileType = file; path = "NotoSansCJKjp-Regular.otf"; sourceTree = "<group>"; };
		C2F01E8C245C44F30047C6B6 /* NotoSansCJKjp-DemiLight.otf */ = {isa = PBXFileReference; lastKnownFileType = file; path = "NotoSansCJKjp-DemiLight.otf"; sourceTree = "<group>"; };
		C2F01E8D245C44F40047C6B6 /* NotoSansCJKjp-Black.otf */ = {isa = PBXFileReference; lastKnownFileType = file; path = "NotoSansCJKjp-Black.otf"; sourceTree = "<group>"; };
		C2F01E8E245C44F50047C6B6 /* NotoSansCJKjp-Bold.otf */ = {isa = PBXFileReference; lastKnownFileType = file; path = "NotoSansCJKjp-Bold.otf"; sourceTree = "<group>"; };
		C2F01E8F245C44F50047C6B6 /* NotoSansCJKjp-Light.otf */ = {isa = PBXFileReference; lastKnownFileType = file; path = "NotoSansCJKjp-Light.otf"; sourceTree = "<group>"; };
		EDAA644724432C3B0001F82A /* StartView.swift */ = {isa = PBXFileReference; lastKnownFileType = sourcecode.swift; path = StartView.swift; sourceTree = "<group>"; };
		EDAA6449244856180001F82A /* PingButton.swift */ = {isa = PBXFileReference; lastKnownFileType = sourcecode.swift; path = PingButton.swift; sourceTree = "<group>"; };
		EDAA644B2448584B0001F82A /* CollectionView.swift */ = {isa = PBXFileReference; lastKnownFileType = sourcecode.swift; path = CollectionView.swift; sourceTree = "<group>"; };
		EDAA644D244C3BE00001F82A /* LoginView.swift */ = {isa = PBXFileReference; lastKnownFileType = sourcecode.swift; path = LoginView.swift; sourceTree = "<group>"; };
		EDAA6450244C4EE70001F82A /* UserNotifications.framework */ = {isa = PBXFileReference; lastKnownFileType = wrapper.framework; name = UserNotifications.framework; path = System/Library/Frameworks/UserNotifications.framework; sourceTree = SDKROOT; };
		EDAA6452244C4EEB0001F82A /* PushKit.framework */ = {isa = PBXFileReference; lastKnownFileType = wrapper.framework; name = PushKit.framework; path = System/Library/Frameworks/PushKit.framework; sourceTree = SDKROOT; };
		EDAA6454244C4EFA0001F82A /* iPing.entitlements */ = {isa = PBXFileReference; lastKnownFileType = text.plist.entitlements; path = iPing.entitlements; sourceTree = "<group>"; };
		EDAA645A244DD9630001F82A /* Queries.graphql */ = {isa = PBXFileReference; fileEncoding = 4; lastKnownFileType = text; path = Queries.graphql; sourceTree = "<group>"; };
		EDAA645D244DDA390001F82A /* SessionService.swift */ = {isa = PBXFileReference; lastKnownFileType = sourcecode.swift; path = SessionService.swift; sourceTree = "<group>"; };
		EDAA645F244DDB520001F82A /* Network.swift */ = {isa = PBXFileReference; lastKnownFileType = sourcecode.swift; path = Network.swift; sourceTree = "<group>"; };
		EDE377EB243ED9B70002D7DC /* iPing.app */ = {isa = PBXFileReference; explicitFileType = wrapper.application; includeInIndex = 0; path = iPing.app; sourceTree = BUILT_PRODUCTS_DIR; };
		EDE377EE243ED9B70002D7DC /* AppDelegate.swift */ = {isa = PBXFileReference; lastKnownFileType = sourcecode.swift; path = AppDelegate.swift; sourceTree = "<group>"; };
		EDE377F0243ED9B70002D7DC /* SceneDelegate.swift */ = {isa = PBXFileReference; lastKnownFileType = sourcecode.swift; path = SceneDelegate.swift; sourceTree = "<group>"; };
		EDE377F2243ED9B70002D7DC /* ContentView.swift */ = {isa = PBXFileReference; lastKnownFileType = sourcecode.swift; path = ContentView.swift; sourceTree = "<group>"; };
		EDE377F4243ED9BB0002D7DC /* Assets.xcassets */ = {isa = PBXFileReference; lastKnownFileType = folder.assetcatalog; path = Assets.xcassets; sourceTree = "<group>"; };
		EDE377F7243ED9BB0002D7DC /* Preview Assets.xcassets */ = {isa = PBXFileReference; lastKnownFileType = folder.assetcatalog; path = "Preview Assets.xcassets"; sourceTree = "<group>"; };
		EDE377FA243ED9BB0002D7DC /* Base */ = {isa = PBXFileReference; lastKnownFileType = file.storyboard; name = Base; path = Base.lproj/LaunchScreen.storyboard; sourceTree = "<group>"; };
		EDE377FC243ED9BB0002D7DC /* Info.plist */ = {isa = PBXFileReference; lastKnownFileType = text.plist.xml; path = Info.plist; sourceTree = "<group>"; };
		EDE37801243ED9BC0002D7DC /* iPingTests.xctest */ = {isa = PBXFileReference; explicitFileType = wrapper.cfbundle; includeInIndex = 0; path = iPingTests.xctest; sourceTree = BUILT_PRODUCTS_DIR; };
		EDE37805243ED9BC0002D7DC /* iPingTests.swift */ = {isa = PBXFileReference; lastKnownFileType = sourcecode.swift; path = iPingTests.swift; sourceTree = "<group>"; };
		EDE37807243ED9BC0002D7DC /* Info.plist */ = {isa = PBXFileReference; lastKnownFileType = text.plist.xml; path = Info.plist; sourceTree = "<group>"; };
		EDE3780C243ED9BC0002D7DC /* iPingUITests.xctest */ = {isa = PBXFileReference; explicitFileType = wrapper.cfbundle; includeInIndex = 0; path = iPingUITests.xctest; sourceTree = BUILT_PRODUCTS_DIR; };
		EDE37810243ED9BC0002D7DC /* iPingUITests.swift */ = {isa = PBXFileReference; lastKnownFileType = sourcecode.swift; path = iPingUITests.swift; sourceTree = "<group>"; };
		EDE37812243ED9BC0002D7DC /* Info.plist */ = {isa = PBXFileReference; lastKnownFileType = text.plist.xml; path = Info.plist; sourceTree = "<group>"; };
/* End PBXFileReference section */

/* Begin PBXFrameworksBuildPhase section */
		EDE377E8243ED9B70002D7DC /* Frameworks */ = {
			isa = PBXFrameworksBuildPhase;
			buildActionMask = 2147483647;
			files = (
				EDAA6453244C4EEB0001F82A /* PushKit.framework in Frameworks */,
				EDAA6457244DD8980001F82A /* Apollo in Frameworks */,
				EDAA6451244C4EE70001F82A /* UserNotifications.framework in Frameworks */,
				EDAA6459244DD8980001F82A /* ApolloCodegenLib in Frameworks */,
			);
			runOnlyForDeploymentPostprocessing = 0;
		};
		EDE377FE243ED9BC0002D7DC /* Frameworks */ = {
			isa = PBXFrameworksBuildPhase;
			buildActionMask = 2147483647;
			files = (
			);
			runOnlyForDeploymentPostprocessing = 0;
		};
		EDE37809243ED9BC0002D7DC /* Frameworks */ = {
			isa = PBXFrameworksBuildPhase;
			buildActionMask = 2147483647;
			files = (
			);
			runOnlyForDeploymentPostprocessing = 0;
		};
/* End PBXFrameworksBuildPhase section */

/* Begin PBXGroup section */
		C2F01E88245C44D80047C6B6 /* Fonts */ = {
			isa = PBXGroup;
			children = (
				C2F01E8D245C44F40047C6B6 /* NotoSansCJKjp-Black.otf */,
				C2F01E8E245C44F50047C6B6 /* NotoSansCJKjp-Bold.otf */,
				C2F01E8C245C44F30047C6B6 /* NotoSansCJKjp-DemiLight.otf */,
				C2F01E8F245C44F50047C6B6 /* NotoSansCJKjp-Light.otf */,
				C2F01E89245C44F10047C6B6 /* NotoSansCJKjp-Medium.otf */,
				C2F01E8B245C44F30047C6B6 /* NotoSansCJKjp-Regular.otf */,
				C2F01E8A245C44F20047C6B6 /* NotoSansCJKjp-Thin.otf */,
			);
			path = Fonts;
			sourceTree = "<group>";
		};
		EDAA644F244C4EE60001F82A /* Frameworks */ = {
			isa = PBXGroup;
			children = (
				EDAA6452244C4EEB0001F82A /* PushKit.framework */,
				EDAA6450244C4EE70001F82A /* UserNotifications.framework */,
			);
			name = Frameworks;
			sourceTree = "<group>";
		};
		EDAA645C244DDA260001F82A /* Network */ = {
			isa = PBXGroup;
			children = (
				EDAA645A244DD9630001F82A /* Queries.graphql */,
				EDAA645D244DDA390001F82A /* SessionService.swift */,
				EDAA645F244DDB520001F82A /* Network.swift */,
			);
			path = Network;
			sourceTree = "<group>";
		};
		EDE377E2243ED9B60002D7DC = {
			isa = PBXGroup;
			children = (
				EDE377ED243ED9B70002D7DC /* iPing */,
				EDE37804243ED9BC0002D7DC /* iPingTests */,
				EDE3780F243ED9BC0002D7DC /* iPingUITests */,
				EDE377EC243ED9B70002D7DC /* Products */,
				EDAA644F244C4EE60001F82A /* Frameworks */,
			);
			sourceTree = "<group>";
		};
		EDE377EC243ED9B70002D7DC /* Products */ = {
			isa = PBXGroup;
			children = (
				EDE377EB243ED9B70002D7DC /* iPing.app */,
				EDE37801243ED9BC0002D7DC /* iPingTests.xctest */,
				EDE3780C243ED9BC0002D7DC /* iPingUITests.xctest */,
			);
			name = Products;
			sourceTree = "<group>";
		};
		EDE377ED243ED9B70002D7DC /* iPing */ = {
			isa = PBXGroup;
			children = (
				EDAA645C244DDA260001F82A /* Network */,
				EDAA6454244C4EFA0001F82A /* iPing.entitlements */,
				EDE377EE243ED9B70002D7DC /* AppDelegate.swift */,
				EDE377F0243ED9B70002D7DC /* SceneDelegate.swift */,
				EDE377F2243ED9B70002D7DC /* ContentView.swift */,
				EDAA6449244856180001F82A /* PingButton.swift */,
				EDAA644724432C3B0001F82A /* StartView.swift */,
				EDAA644D244C3BE00001F82A /* LoginView.swift */,
				C2F01E86245C30980047C6B6 /* NumberView.swift */,
				C2F01E84245C308B0047C6B6 /* PasscodeView.swift */,
				EDAA644B2448584B0001F82A /* CollectionView.swift */,
				EDE377F4243ED9BB0002D7DC /* Assets.xcassets */,
				EDE377F9243ED9BB0002D7DC /* LaunchScreen.storyboard */,
				EDE377FC243ED9BB0002D7DC /* Info.plist */,
				C2F01E88245C44D80047C6B6 /* Fonts */,
				EDE377F6243ED9BB0002D7DC /* Preview Content */,
			);
			path = iPing;
			sourceTree = "<group>";
		};
		EDE377F6243ED9BB0002D7DC /* Preview Content */ = {
			isa = PBXGroup;
			children = (
				EDE377F7243ED9BB0002D7DC /* Preview Assets.xcassets */,
			);
			path = "Preview Content";
			sourceTree = "<group>";
		};
		EDE37804243ED9BC0002D7DC /* iPingTests */ = {
			isa = PBXGroup;
			children = (
				EDE37805243ED9BC0002D7DC /* iPingTests.swift */,
				EDE37807243ED9BC0002D7DC /* Info.plist */,
			);
			path = iPingTests;
			sourceTree = "<group>";
		};
		EDE3780F243ED9BC0002D7DC /* iPingUITests */ = {
			isa = PBXGroup;
			children = (
				EDE37810243ED9BC0002D7DC /* iPingUITests.swift */,
				EDE37812243ED9BC0002D7DC /* Info.plist */,
			);
			path = iPingUITests;
			sourceTree = "<group>";
		};
/* End PBXGroup section */

/* Begin PBXNativeTarget section */
		EDE377EA243ED9B70002D7DC /* iPing */ = {
			isa = PBXNativeTarget;
			buildConfigurationList = EDE37815243ED9BC0002D7DC /* Build configuration list for PBXNativeTarget "iPing" */;
			buildPhases = (
				EDE377E7243ED9B70002D7DC /* Sources */,
				EDE377E8243ED9B70002D7DC /* Frameworks */,
				EDE377E9243ED9B70002D7DC /* Resources */,
			);
			buildRules = (
			);
			dependencies = (
			);
			name = iPing;
			packageProductDependencies = (
				EDAA6456244DD8980001F82A /* Apollo */,
				EDAA6458244DD8980001F82A /* ApolloCodegenLib */,
			);
			productName = iPing;
			productReference = EDE377EB243ED9B70002D7DC /* iPing.app */;
			productType = "com.apple.product-type.application";
		};
		EDE37800243ED9BC0002D7DC /* iPingTests */ = {
			isa = PBXNativeTarget;
			buildConfigurationList = EDE37818243ED9BC0002D7DC /* Build configuration list for PBXNativeTarget "iPingTests" */;
			buildPhases = (
				EDE377FD243ED9BC0002D7DC /* Sources */,
				EDE377FE243ED9BC0002D7DC /* Frameworks */,
				EDE377FF243ED9BC0002D7DC /* Resources */,
			);
			buildRules = (
			);
			dependencies = (
				EDE37803243ED9BC0002D7DC /* PBXTargetDependency */,
			);
			name = iPingTests;
			productName = iPingTests;
			productReference = EDE37801243ED9BC0002D7DC /* iPingTests.xctest */;
			productType = "com.apple.product-type.bundle.unit-test";
		};
		EDE3780B243ED9BC0002D7DC /* iPingUITests */ = {
			isa = PBXNativeTarget;
			buildConfigurationList = EDE3781B243ED9BC0002D7DC /* Build configuration list for PBXNativeTarget "iPingUITests" */;
			buildPhases = (
				EDE37808243ED9BC0002D7DC /* Sources */,
				EDE37809243ED9BC0002D7DC /* Frameworks */,
				EDE3780A243ED9BC0002D7DC /* Resources */,
			);
			buildRules = (
			);
			dependencies = (
				EDE3780E243ED9BC0002D7DC /* PBXTargetDependency */,
			);
			name = iPingUITests;
			productName = iPingUITests;
			productReference = EDE3780C243ED9BC0002D7DC /* iPingUITests.xctest */;
			productType = "com.apple.product-type.bundle.ui-testing";
		};
/* End PBXNativeTarget section */

/* Begin PBXProject section */
		EDE377E3243ED9B60002D7DC /* Project object */ = {
			isa = PBXProject;
			attributes = {
				LastSwiftUpdateCheck = 1130;
				LastUpgradeCheck = 1130;
				ORGANIZATIONNAME = changman;
				TargetAttributes = {
					EDE377EA243ED9B70002D7DC = {
						CreatedOnToolsVersion = 11.3.1;
					};
					EDE37800243ED9BC0002D7DC = {
						CreatedOnToolsVersion = 11.3.1;
						TestTargetID = EDE377EA243ED9B70002D7DC;
					};
					EDE3780B243ED9BC0002D7DC = {
						CreatedOnToolsVersion = 11.3.1;
						TestTargetID = EDE377EA243ED9B70002D7DC;
					};
				};
			};
			buildConfigurationList = EDE377E6243ED9B60002D7DC /* Build configuration list for PBXProject "iPing" */;
			compatibilityVersion = "Xcode 9.3";
			developmentRegion = en;
			hasScannedForEncodings = 0;
			knownRegions = (
				en,
				Base,
			);
			mainGroup = EDE377E2243ED9B60002D7DC;
			packageReferences = (
				EDE3781E244088BE0002D7DC /* XCRemoteSwiftPackageReference "QGrid" */,
				EDAA6455244DD8980001F82A /* XCRemoteSwiftPackageReference "apollo-ios" */,
			);
			productRefGroup = EDE377EC243ED9B70002D7DC /* Products */;
			projectDirPath = "";
			projectRoot = "";
			targets = (
				EDE377EA243ED9B70002D7DC /* iPing */,
				EDE37800243ED9BC0002D7DC /* iPingTests */,
				EDE3780B243ED9BC0002D7DC /* iPingUITests */,
			);
		};
/* End PBXProject section */

/* Begin PBXResourcesBuildPhase section */
		EDE377E9243ED9B70002D7DC /* Resources */ = {
			isa = PBXResourcesBuildPhase;
			buildActionMask = 2147483647;
			files = (
				C2F01E96245C44F50047C6B6 /* NotoSansCJKjp-Light.otf in Resources */,
				EDE377FB243ED9BB0002D7DC /* LaunchScreen.storyboard in Resources */,
				EDE377F8243ED9BB0002D7DC /* Preview Assets.xcassets in Resources */,
				C2F01E91245C44F50047C6B6 /* NotoSansCJKjp-Thin.otf in Resources */,
				C2F01E94245C44F50047C6B6 /* NotoSansCJKjp-Black.otf in Resources */,
				C2F01E92245C44F50047C6B6 /* NotoSansCJKjp-Regular.otf in Resources */,
				EDAA645B244DD9630001F82A /* Queries.graphql in Resources */,
				C2F01E93245C44F50047C6B6 /* NotoSansCJKjp-DemiLight.otf in Resources */,
				C2F01E90245C44F50047C6B6 /* NotoSansCJKjp-Medium.otf in Resources */,
				C2F01E95245C44F50047C6B6 /* NotoSansCJKjp-Bold.otf in Resources */,
				EDE377F5243ED9BB0002D7DC /* Assets.xcassets in Resources */,
			);
			runOnlyForDeploymentPostprocessing = 0;
		};
		EDE377FF243ED9BC0002D7DC /* Resources */ = {
			isa = PBXResourcesBuildPhase;
			buildActionMask = 2147483647;
			files = (
			);
			runOnlyForDeploymentPostprocessing = 0;
		};
		EDE3780A243ED9BC0002D7DC /* Resources */ = {
			isa = PBXResourcesBuildPhase;
			buildActionMask = 2147483647;
			files = (
			);
			runOnlyForDeploymentPostprocessing = 0;
		};
/* End PBXResourcesBuildPhase section */

/* Begin PBXSourcesBuildPhase section */
		EDE377E7243ED9B70002D7DC /* Sources */ = {
			isa = PBXSourcesBuildPhase;
			buildActionMask = 2147483647;
			files = (
				EDAA644C2448584B0001F82A /* CollectionView.swift in Sources */,
				EDAA644E244C3BE00001F82A /* LoginView.swift in Sources */,
				C2F01E85245C308B0047C6B6 /* PasscodeView.swift in Sources */,
				EDAA644A244856180001F82A /* PingButton.swift in Sources */,
				EDE377EF243ED9B70002D7DC /* AppDelegate.swift in Sources */,
				EDAA645E244DDA390001F82A /* SessionService.swift in Sources */,
				EDAA6460244DDB520001F82A /* Network.swift in Sources */,
				EDE377F1243ED9B70002D7DC /* SceneDelegate.swift in Sources */,
				EDE377F3243ED9B70002D7DC /* ContentView.swift in Sources */,
				C2F01E87245C30980047C6B6 /* NumberView.swift in Sources */,
				EDAA644824432C3B0001F82A /* StartView.swift in Sources */,
			);
			runOnlyForDeploymentPostprocessing = 0;
		};
		EDE377FD243ED9BC0002D7DC /* Sources */ = {
			isa = PBXSourcesBuildPhase;
			buildActionMask = 2147483647;
			files = (
				EDE37806243ED9BC0002D7DC /* iPingTests.swift in Sources */,
			);
			runOnlyForDeploymentPostprocessing = 0;
		};
		EDE37808243ED9BC0002D7DC /* Sources */ = {
			isa = PBXSourcesBuildPhase;
			buildActionMask = 2147483647;
			files = (
				EDE37811243ED9BC0002D7DC /* iPingUITests.swift in Sources */,
			);
			runOnlyForDeploymentPostprocessing = 0;
		};
/* End PBXSourcesBuildPhase section */

/* Begin PBXTargetDependency section */
		EDE37803243ED9BC0002D7DC /* PBXTargetDependency */ = {
			isa = PBXTargetDependency;
			target = EDE377EA243ED9B70002D7DC /* iPing */;
			targetProxy = EDE37802243ED9BC0002D7DC /* PBXContainerItemProxy */;
		};
		EDE3780E243ED9BC0002D7DC /* PBXTargetDependency */ = {
			isa = PBXTargetDependency;
			target = EDE377EA243ED9B70002D7DC /* iPing */;
			targetProxy = EDE3780D243ED9BC0002D7DC /* PBXContainerItemProxy */;
		};
/* End PBXTargetDependency section */

/* Begin PBXVariantGroup section */
		EDE377F9243ED9BB0002D7DC /* LaunchScreen.storyboard */ = {
			isa = PBXVariantGroup;
			children = (
				EDE377FA243ED9BB0002D7DC /* Base */,
			);
			name = LaunchScreen.storyboard;
			sourceTree = "<group>";
		};
/* End PBXVariantGroup section */

/* Begin XCBuildConfiguration section */
		EDE37813243ED9BC0002D7DC /* Debug */ = {
			isa = XCBuildConfiguration;
			buildSettings = {
				ALWAYS_SEARCH_USER_PATHS = NO;
				CLANG_ANALYZER_NONNULL = YES;
				CLANG_ANALYZER_NUMBER_OBJECT_CONVERSION = YES_AGGRESSIVE;
				CLANG_CXX_LANGUAGE_STANDARD = "gnu++14";
				CLANG_CXX_LIBRARY = "libc++";
				CLANG_ENABLE_MODULES = YES;
				CLANG_ENABLE_OBJC_ARC = YES;
				CLANG_ENABLE_OBJC_WEAK = YES;
				CLANG_WARN_BLOCK_CAPTURE_AUTORELEASING = YES;
				CLANG_WARN_BOOL_CONVERSION = YES;
				CLANG_WARN_COMMA = YES;
				CLANG_WARN_CONSTANT_CONVERSION = YES;
				CLANG_WARN_DEPRECATED_OBJC_IMPLEMENTATIONS = YES;
				CLANG_WARN_DIRECT_OBJC_ISA_USAGE = YES_ERROR;
				CLANG_WARN_DOCUMENTATION_COMMENTS = YES;
				CLANG_WARN_EMPTY_BODY = YES;
				CLANG_WARN_ENUM_CONVERSION = YES;
				CLANG_WARN_INFINITE_RECURSION = YES;
				CLANG_WARN_INT_CONVERSION = YES;
				CLANG_WARN_NON_LITERAL_NULL_CONVERSION = YES;
				CLANG_WARN_OBJC_IMPLICIT_RETAIN_SELF = YES;
				CLANG_WARN_OBJC_LITERAL_CONVERSION = YES;
				CLANG_WARN_OBJC_ROOT_CLASS = YES_ERROR;
				CLANG_WARN_RANGE_LOOP_ANALYSIS = YES;
				CLANG_WARN_STRICT_PROTOTYPES = YES;
				CLANG_WARN_SUSPICIOUS_MOVE = YES;
				CLANG_WARN_UNGUARDED_AVAILABILITY = YES_AGGRESSIVE;
				CLANG_WARN_UNREACHABLE_CODE = YES;
				CLANG_WARN__DUPLICATE_METHOD_MATCH = YES;
				COPY_PHASE_STRIP = NO;
				DEBUG_INFORMATION_FORMAT = dwarf;
				ENABLE_STRICT_OBJC_MSGSEND = YES;
				ENABLE_TESTABILITY = YES;
				GCC_C_LANGUAGE_STANDARD = gnu11;
				GCC_DYNAMIC_NO_PIC = NO;
				GCC_NO_COMMON_BLOCKS = YES;
				GCC_OPTIMIZATION_LEVEL = 0;
				GCC_PREPROCESSOR_DEFINITIONS = (
					"DEBUG=1",
					"$(inherited)",
				);
				GCC_WARN_64_TO_32_BIT_CONVERSION = YES;
				GCC_WARN_ABOUT_RETURN_TYPE = YES_ERROR;
				GCC_WARN_UNDECLARED_SELECTOR = YES;
				GCC_WARN_UNINITIALIZED_AUTOS = YES_AGGRESSIVE;
				GCC_WARN_UNUSED_FUNCTION = YES;
				GCC_WARN_UNUSED_VARIABLE = YES;
				IPHONEOS_DEPLOYMENT_TARGET = 13.2;
				MTL_ENABLE_DEBUG_INFO = INCLUDE_SOURCE;
				MTL_FAST_MATH = YES;
				ONLY_ACTIVE_ARCH = YES;
				SDKROOT = iphoneos;
				SWIFT_ACTIVE_COMPILATION_CONDITIONS = DEBUG;
				SWIFT_OPTIMIZATION_LEVEL = "-Onone";
			};
			name = Debug;
		};
		EDE37814243ED9BC0002D7DC /* Release */ = {
			isa = XCBuildConfiguration;
			buildSettings = {
				ALWAYS_SEARCH_USER_PATHS = NO;
				CLANG_ANALYZER_NONNULL = YES;
				CLANG_ANALYZER_NUMBER_OBJECT_CONVERSION = YES_AGGRESSIVE;
				CLANG_CXX_LANGUAGE_STANDARD = "gnu++14";
				CLANG_CXX_LIBRARY = "libc++";
				CLANG_ENABLE_MODULES = YES;
				CLANG_ENABLE_OBJC_ARC = YES;
				CLANG_ENABLE_OBJC_WEAK = YES;
				CLANG_WARN_BLOCK_CAPTURE_AUTORELEASING = YES;
				CLANG_WARN_BOOL_CONVERSION = YES;
				CLANG_WARN_COMMA = YES;
				CLANG_WARN_CONSTANT_CONVERSION = YES;
				CLANG_WARN_DEPRECATED_OBJC_IMPLEMENTATIONS = YES;
				CLANG_WARN_DIRECT_OBJC_ISA_USAGE = YES_ERROR;
				CLANG_WARN_DOCUMENTATION_COMMENTS = YES;
				CLANG_WARN_EMPTY_BODY = YES;
				CLANG_WARN_ENUM_CONVERSION = YES;
				CLANG_WARN_INFINITE_RECURSION = YES;
				CLANG_WARN_INT_CONVERSION = YES;
				CLANG_WARN_NON_LITERAL_NULL_CONVERSION = YES;
				CLANG_WARN_OBJC_IMPLICIT_RETAIN_SELF = YES;
				CLANG_WARN_OBJC_LITERAL_CONVERSION = YES;
				CLANG_WARN_OBJC_ROOT_CLASS = YES_ERROR;
				CLANG_WARN_RANGE_LOOP_ANALYSIS = YES;
				CLANG_WARN_STRICT_PROTOTYPES = YES;
				CLANG_WARN_SUSPICIOUS_MOVE = YES;
				CLANG_WARN_UNGUARDED_AVAILABILITY = YES_AGGRESSIVE;
				CLANG_WARN_UNREACHABLE_CODE = YES;
				CLANG_WARN__DUPLICATE_METHOD_MATCH = YES;
				COPY_PHASE_STRIP = NO;
				DEBUG_INFORMATION_FORMAT = "dwarf-with-dsym";
				ENABLE_NS_ASSERTIONS = NO;
				ENABLE_STRICT_OBJC_MSGSEND = YES;
				GCC_C_LANGUAGE_STANDARD = gnu11;
				GCC_NO_COMMON_BLOCKS = YES;
				GCC_WARN_64_TO_32_BIT_CONVERSION = YES;
				GCC_WARN_ABOUT_RETURN_TYPE = YES_ERROR;
				GCC_WARN_UNDECLARED_SELECTOR = YES;
				GCC_WARN_UNINITIALIZED_AUTOS = YES_AGGRESSIVE;
				GCC_WARN_UNUSED_FUNCTION = YES;
				GCC_WARN_UNUSED_VARIABLE = YES;
				IPHONEOS_DEPLOYMENT_TARGET = 13.2;
				MTL_ENABLE_DEBUG_INFO = NO;
				MTL_FAST_MATH = YES;
				SDKROOT = iphoneos;
				SWIFT_COMPILATION_MODE = wholemodule;
				SWIFT_OPTIMIZATION_LEVEL = "-O";
				VALIDATE_PRODUCT = YES;
			};
			name = Release;
		};
		EDE37816243ED9BC0002D7DC /* Debug */ = {
			isa = XCBuildConfiguration;
			buildSettings = {
				ASSETCATALOG_COMPILER_APPICON_NAME = AppIcon;
				CODE_SIGN_ENTITLEMENTS = iPing/iPing.entitlements;
				CODE_SIGN_STYLE = Automatic;
				DEVELOPMENT_ASSET_PATHS = "\"iPing/Preview Content\"";
				DEVELOPMENT_TEAM = 47RZ4GF77T;
				ENABLE_PREVIEWS = YES;
				INFOPLIST_FILE = iPing/Info.plist;
				LD_RUNPATH_SEARCH_PATHS = (
					"$(inherited)",
					"@executable_path/Frameworks",
				);
				PRODUCT_BUNDLE_IDENTIFIER = changman.iPing;
				PRODUCT_NAME = "$(TARGET_NAME)";
				SWIFT_VERSION = 5.0;
				TARGETED_DEVICE_FAMILY = "1,2";
			};
			name = Debug;
		};
		EDE37817243ED9BC0002D7DC /* Release */ = {
			isa = XCBuildConfiguration;
			buildSettings = {
				ASSETCATALOG_COMPILER_APPICON_NAME = AppIcon;
				CODE_SIGN_ENTITLEMENTS = iPing/iPing.entitlements;
				CODE_SIGN_STYLE = Automatic;
				DEVELOPMENT_ASSET_PATHS = "\"iPing/Preview Content\"";
				DEVELOPMENT_TEAM = 47RZ4GF77T;
				ENABLE_PREVIEWS = YES;
				INFOPLIST_FILE = iPing/Info.plist;
				LD_RUNPATH_SEARCH_PATHS = (
					"$(inherited)",
					"@executable_path/Frameworks",
				);
				PRODUCT_BUNDLE_IDENTIFIER = changman.iPing;
				PRODUCT_NAME = "$(TARGET_NAME)";
				SWIFT_VERSION = 5.0;
				TARGETED_DEVICE_FAMILY = "1,2";
			};
			name = Release;
		};
		EDE37819243ED9BC0002D7DC /* Debug */ = {
			isa = XCBuildConfiguration;
			buildSettings = {
				ALWAYS_EMBED_SWIFT_STANDARD_LIBRARIES = YES;
				BUNDLE_LOADER = "$(TEST_HOST)";
				CODE_SIGN_STYLE = Automatic;
				DEVELOPMENT_TEAM = 47RZ4GF77T;
				INFOPLIST_FILE = iPingTests/Info.plist;
				IPHONEOS_DEPLOYMENT_TARGET = 13.2;
				LD_RUNPATH_SEARCH_PATHS = (
					"$(inherited)",
					"@executable_path/Frameworks",
					"@loader_path/Frameworks",
				);
				PRODUCT_BUNDLE_IDENTIFIER = changman.iPingTests;
				PRODUCT_NAME = "$(TARGET_NAME)";
				SWIFT_VERSION = 5.0;
				TARGETED_DEVICE_FAMILY = "1,2";
				TEST_HOST = "$(BUILT_PRODUCTS_DIR)/iPing.app/iPing";
			};
			name = Debug;
		};
		EDE3781A243ED9BC0002D7DC /* Release */ = {
			isa = XCBuildConfiguration;
			buildSettings = {
				ALWAYS_EMBED_SWIFT_STANDARD_LIBRARIES = YES;
				BUNDLE_LOADER = "$(TEST_HOST)";
				CODE_SIGN_STYLE = Automatic;
				DEVELOPMENT_TEAM = 47RZ4GF77T;
				INFOPLIST_FILE = iPingTests/Info.plist;
				IPHONEOS_DEPLOYMENT_TARGET = 13.2;
				LD_RUNPATH_SEARCH_PATHS = (
					"$(inherited)",
					"@executable_path/Frameworks",
					"@loader_path/Frameworks",
				);
				PRODUCT_BUNDLE_IDENTIFIER = changman.iPingTests;
				PRODUCT_NAME = "$(TARGET_NAME)";
				SWIFT_VERSION = 5.0;
				TARGETED_DEVICE_FAMILY = "1,2";
				TEST_HOST = "$(BUILT_PRODUCTS_DIR)/iPing.app/iPing";
			};
			name = Release;
		};
		EDE3781C243ED9BC0002D7DC /* Debug */ = {
			isa = XCBuildConfiguration;
			buildSettings = {
				ALWAYS_EMBED_SWIFT_STANDARD_LIBRARIES = YES;
				CODE_SIGN_STYLE = Automatic;
				DEVELOPMENT_TEAM = 47RZ4GF77T;
				INFOPLIST_FILE = iPingUITests/Info.plist;
				LD_RUNPATH_SEARCH_PATHS = (
					"$(inherited)",
					"@executable_path/Frameworks",
					"@loader_path/Frameworks",
				);
				PRODUCT_BUNDLE_IDENTIFIER = changman.iPingUITests;
				PRODUCT_NAME = "$(TARGET_NAME)";
				SWIFT_VERSION = 5.0;
				TARGETED_DEVICE_FAMILY = "1,2";
				TEST_TARGET_NAME = iPing;
			};
			name = Debug;
		};
		EDE3781D243ED9BC0002D7DC /* Release */ = {
			isa = XCBuildConfiguration;
			buildSettings = {
				ALWAYS_EMBED_SWIFT_STANDARD_LIBRARIES = YES;
				CODE_SIGN_STYLE = Automatic;
				DEVELOPMENT_TEAM = 47RZ4GF77T;
				INFOPLIST_FILE = iPingUITests/Info.plist;
				LD_RUNPATH_SEARCH_PATHS = (
					"$(inherited)",
					"@executable_path/Frameworks",
					"@loader_path/Frameworks",
				);
				PRODUCT_BUNDLE_IDENTIFIER = changman.iPingUITests;
				PRODUCT_NAME = "$(TARGET_NAME)";
				SWIFT_VERSION = 5.0;
				TARGETED_DEVICE_FAMILY = "1,2";
				TEST_TARGET_NAME = iPing;
			};
			name = Release;
		};
/* End XCBuildConfiguration section */

/* Begin XCConfigurationList section */
		EDE377E6243ED9B60002D7DC /* Build configuration list for PBXProject "iPing" */ = {
			isa = XCConfigurationList;
			buildConfigurations = (
				EDE37813243ED9BC0002D7DC /* Debug */,
				EDE37814243ED9BC0002D7DC /* Release */,
			);
			defaultConfigurationIsVisible = 0;
			defaultConfigurationName = Release;
		};
		EDE37815243ED9BC0002D7DC /* Build configuration list for PBXNativeTarget "iPing" */ = {
			isa = XCConfigurationList;
			buildConfigurations = (
				EDE37816243ED9BC0002D7DC /* Debug */,
				EDE37817243ED9BC0002D7DC /* Release */,
			);
			defaultConfigurationIsVisible = 0;
			defaultConfigurationName = Release;
		};
		EDE37818243ED9BC0002D7DC /* Build configuration list for PBXNativeTarget "iPingTests" */ = {
			isa = XCConfigurationList;
			buildConfigurations = (
				EDE37819243ED9BC0002D7DC /* Debug */,
				EDE3781A243ED9BC0002D7DC /* Release */,
			);
			defaultConfigurationIsVisible = 0;
			defaultConfigurationName = Release;
		};
		EDE3781B243ED9BC0002D7DC /* Build configuration list for PBXNativeTarget "iPingUITests" */ = {
			isa = XCConfigurationList;
			buildConfigurations = (
				EDE3781C243ED9BC0002D7DC /* Debug */,
				EDE3781D243ED9BC0002D7DC /* Release */,
			);
			defaultConfigurationIsVisible = 0;
			defaultConfigurationName = Release;
		};
/* End XCConfigurationList section */

/* Begin XCRemoteSwiftPackageReference section */
		EDAA6455244DD8980001F82A /* XCRemoteSwiftPackageReference "apollo-ios" */ = {
			isa = XCRemoteSwiftPackageReference;
			repositoryURL = "https://github.com/apollographql/apollo-ios.git";
			requirement = {
				kind = upToNextMajorVersion;
				minimumVersion = 0.24.0;
			};
		};
		EDE3781E244088BE0002D7DC /* XCRemoteSwiftPackageReference "QGrid" */ = {
			isa = XCRemoteSwiftPackageReference;
			repositoryURL = "https://github.com/Q-Mobile/QGrid";
			requirement = {
				kind = upToNextMajorVersion;
				minimumVersion = 0.1.4;
			};
		};
/* End XCRemoteSwiftPackageReference section */

/* Begin XCSwiftPackageProductDependency section */
		EDAA6456244DD8980001F82A /* Apollo */ = {
			isa = XCSwiftPackageProductDependency;
			package = EDAA6455244DD8980001F82A /* XCRemoteSwiftPackageReference "apollo-ios" */;
			productName = Apollo;
		};
		EDAA6458244DD8980001F82A /* ApolloCodegenLib */ = {
			isa = XCSwiftPackageProductDependency;
			package = EDAA6455244DD8980001F82A /* XCRemoteSwiftPackageReference "apollo-ios" */;
			productName = ApolloCodegenLib;
		};
/* End XCSwiftPackageProductDependency section */
	};
	rootObject = EDE377E3243ED9B60002D7DC /* Project object */;
}
